<?xml version="1.0" encoding="UTF-8"?>
<Project ToolsVersion="14.0" xmlns="http://schemas.microsoft.com/developer/msbuild/2003">
  <ItemGroup>
    <ClCompile Include="D:\Proyectos\Taranis\ext\glfw\src\context.c">
      <Filter>Source Files</Filter>
    </ClCompile>
    <ClCompile Include="D:\Proyectos\Taranis\ext\glfw\src\init.c">
      <Filter>Source Files</Filter>
    </ClCompile>
    <ClCompile Include="D:\Proyectos\Taranis\ext\glfw\src\input.c">
      <Filter>Source Files</Filter>
    </ClCompile>
    <ClCompile Include="D:\Proyectos\Taranis\ext\glfw\src\monitor.c">
      <Filter>Source Files</Filter>
    </ClCompile>
    <ClCompile Include="D:\Proyectos\Taranis\ext\glfw\src\vulkan.c">
      <Filter>Source Files</Filter>
    </ClCompile>
    <ClCompile Include="D:\Proyectos\Taranis\ext\glfw\src\window.c">
      <Filter>Source Files</Filter>
    </ClCompile>
    <ClCompile Include="D:\Proyectos\Taranis\ext\glfw\src\win32_init.c">
      <Filter>Source Files</Filter>
    </ClCompile>
    <ClCompile Include="D:\Proyectos\Taranis\ext\glfw\src\win32_joystick.c">
      <Filter>Source Files</Filter>
    </ClCompile>
    <ClCompile Include="D:\Proyectos\Taranis\ext\glfw\src\win32_monitor.c">
      <Filter>Source Files</Filter>
    </ClCompile>
    <ClCompile Include="D:\Proyectos\Taranis\ext\glfw\src\win32_time.c">
      <Filter>Source Files</Filter>
    </ClCompile>
    <ClCompile Include="D:\Proyectos\Taranis\ext\glfw\src\win32_tls.c">
      <Filter>Source Files</Filter>
    </ClCompile>
    <ClCompile Include="D:\Proyectos\Taranis\ext\glfw\src\win32_window.c">
      <Filter>Source Files</Filter>
    </ClCompile>
    <ClCompile Include="D:\Proyectos\Taranis\ext\glfw\src\wgl_context.c">
      <Filter>Source Files</Filter>
    </ClCompile>
    <ClCompile Include="D:\Proyectos\Taranis\ext\glfw\src\egl_context.c">
      <Filter>Source Files</Filter>
    </ClCompile>
  </ItemGroup>
  <ItemGroup>
    <ClInclude Include="D:\Proyectos\Taranis\ext\glfw\src\internal.h">
      <Filter>Header Files</Filter>
    </ClInclude>
    <ClInclude Include="D:\Proyectos\Taranis\build\ext\glfw\src\glfw_config.h">
      <Filter>Header Files</Filter>
    </ClInclude>
    <ClInclude Include="D:\Proyectos\Taranis\ext\glfw\include\GLFW\glfw3.h">
      <Filter>Header Files</Filter>
    </ClInclude>
    <ClInclude Include="D:\Proyectos\Taranis\ext\glfw\include\GLFW\glfw3native.h">
      <Filter>Header Files</Filter>
    </ClInclude>
    <ClInclude Include="D:\Proyectos\Taranis\ext\glfw\src\win32_platform.h">
      <Filter>Header Files</Filter>
    </ClInclude>
    <ClInclude Include="D:\Proyectos\Taranis\ext\glfw\src\win32_joystick.h">
      <Filter>Header Files</Filter>
    </ClInclude>
    <ClInclude Include="D:\Proyectos\Taranis\ext\glfw\src\wgl_context.h">
      <Filter>Header Files</Filter>
    </ClInclude>
    <ClInclude Include="D:\Proyectos\Taranis\ext\glfw\src\egl_context.h">
      <Filter>Header Files</Filter>
    </ClInclude>
  </ItemGroup>
  <ItemGroup>
    <CustomBuild Include="D:\Proyectos\Taranis\ext\glfw\src\CMakeLists.txt" />
  </ItemGroup>
  <ItemGroup>
    <Filter Include="Source Files">
      <UniqueIdentifier>{353A0412-2F36-3C23-BE88-9F88913F7E82}</UniqueIdentifier>
    </Filter>
    <Filter Include="Header Files">
      <UniqueIdentifier>{CD4EF98A-ECED-3CC6-ADC9-D73F2962387A}</UniqueIdentifier>
    </Filter>
  </ItemGroup>
</Project>
