Microsoft Visual Studio Solution File, Format Version 12.00
# Visual Studio 14
Project("{2150E333-8FDC-42A3-9474-1A3956D46DE8}") = "CMakePredefinedTargets", "CMakePredefinedTargets", "{FB77A981-0AE2-303F-9D7F-BE331109CB1C}"
EndProject
Project("{2150E333-8FDC-42A3-9474-1A3956D46DE8}") = "GLFW3", "GLFW3", "{CD818D57-CB18-3C74-A2F6-1CE7ADD9DE24}"
EndProject
Project("{8BC9CEB8-8B4A-11D0-8D11-00A0C91BC942}") = "ALL_BUILD", "ALL_BUILD.vcxproj", "{D9196DED-6833-3433-8A95-BAB1EC1AB981}"
	ProjectSection(ProjectDependencies) = postProject
		{881B56CC-DE02-34D8-88C8-5A057900786E} = {881B56CC-DE02-34D8-88C8-5A057900786E}
		{1D238D4D-E9FE-34B3-B453-D86F60C3EFC2} = {1D238D4D-E9FE-34B3-B453-D86F60C3EFC2}
	EndProjectSection
EndProject
Project("{8BC9CEB8-8B4A-11D0-8D11-00A0C91BC942}") = "INSTALL", "INSTALL.vcxproj", "{89C9C47F-3C45-3FE6-8819-856A9A46C2B5}"
	ProjectSection(ProjectDependencies) = postProject
		{D9196DED-6833-3433-8A95-BAB1EC1AB981} = {D9196DED-6833-3433-8A95-BAB1EC1AB981}
		{881B56CC-DE02-34D8-88C8-5A057900786E} = {881B56CC-DE02-34D8-88C8-5A057900786E}
	EndProjectSection
EndProject
Project("{8BC9CEB8-8B4A-11D0-8D11-00A0C91BC942}") = "ZERO_CHECK", "..\..\\ZERO_CHECK.vcxproj", "{881B56CC-DE02-34D8-88C8-5A057900786E}"
	ProjectSection(ProjectDependencies) = postProject
	EndProjectSection
EndProject
Project("{8BC9CEB8-8B4A-11D0-8D11-00A0C91BC942}") = "glfw", "src\glfw.vcxproj", "{1D238D4D-E9FE-34B3-B453-D86F60C3EFC2}"
	ProjectSection(ProjectDependencies) = postProject
		{881B56CC-DE02-34D8-88C8-5A057900786E} = {881B56CC-DE02-34D8-88C8-5A057900786E}
	EndProjectSection
EndProject
Global
	GlobalSection(SolutionConfigurationPlatforms) = preSolution
		Debug|Win32 = Debug|Win32
		Release|Win32 = Release|Win32
		MinSizeRel|Win32 = MinSizeRel|Win32
		RelWithDebInfo|Win32 = RelWithDebInfo|Win32
	EndGlobalSection
	GlobalSection(ProjectConfigurationPlatforms) = postSolution
		{D9196DED-6833-3433-8A95-BAB1EC1AB981}.Debug|Win32.ActiveCfg = Debug|Win32
		{D9196DED-6833-3433-8A95-BAB1EC1AB981}.Debug|Win32.Build.0 = Debug|Win32
		{D9196DED-6833-3433-8A95-BAB1EC1AB981}.Release|Win32.ActiveCfg = Release|Win32
		{D9196DED-6833-3433-8A95-BAB1EC1AB981}.Release|Win32.Build.0 = Release|Win32
		{D9196DED-6833-3433-8A95-BAB1EC1AB981}.MinSizeRel|Win32.ActiveCfg = MinSizeRel|Win32
		{D9196DED-6833-3433-8A95-BAB1EC1AB981}.MinSizeRel|Win32.Build.0 = MinSizeRel|Win32
		{D9196DED-6833-3433-8A95-BAB1EC1AB981}.RelWithDebInfo|Win32.ActiveCfg = RelWithDebInfo|Win32
		{D9196DED-6833-3433-8A95-BAB1EC1AB981}.RelWithDebInfo|Win32.Build.0 = RelWithDebInfo|Win32
		{89C9C47F-3C45-3FE6-8819-856A9A46C2B5}.Debug|Win32.ActiveCfg = Debug|Win32
		{89C9C47F-3C45-3FE6-8819-856A9A46C2B5}.Release|Win32.ActiveCfg = Release|Win32
		{89C9C47F-3C45-3FE6-8819-856A9A46C2B5}.MinSizeRel|Win32.ActiveCfg = MinSizeRel|Win32
		{89C9C47F-3C45-3FE6-8819-856A9A46C2B5}.RelWithDebInfo|Win32.ActiveCfg = RelWithDebInfo|Win32
		{881B56CC-DE02-34D8-88C8-5A057900786E}.Debug|Win32.ActiveCfg = Debug|Win32
		{881B56CC-DE02-34D8-88C8-5A057900786E}.Debug|Win32.Build.0 = Debug|Win32
		{881B56CC-DE02-34D8-88C8-5A057900786E}.Release|Win32.ActiveCfg = Release|Win32
		{881B56CC-DE02-34D8-88C8-5A057900786E}.Release|Win32.Build.0 = Release|Win32
		{881B56CC-DE02-34D8-88C8-5A057900786E}.MinSizeRel|Win32.ActiveCfg = MinSizeRel|Win32
		{881B56CC-DE02-34D8-88C8-5A057900786E}.MinSizeRel|Win32.Build.0 = MinSizeRel|Win32
		{881B56CC-DE02-34D8-88C8-5A057900786E}.RelWithDebInfo|Win32.ActiveCfg = RelWithDebInfo|Win32
		{881B56CC-DE02-34D8-88C8-5A057900786E}.RelWithDebInfo|Win32.Build.0 = RelWithDebInfo|Win32
		{1D238D4D-E9FE-34B3-B453-D86F60C3EFC2}.Debug|Win32.ActiveCfg = Debug|Win32
		{1D238D4D-E9FE-34B3-B453-D86F60C3EFC2}.Debug|Win32.Build.0 = Debug|Win32
		{1D238D4D-E9FE-34B3-B453-D86F60C3EFC2}.Release|Win32.ActiveCfg = Release|Win32
		{1D238D4D-E9FE-34B3-B453-D86F60C3EFC2}.Release|Win32.Build.0 = Release|Win32
		{1D238D4D-E9FE-34B3-B453-D86F60C3EFC2}.MinSizeRel|Win32.ActiveCfg = MinSizeRel|Win32
		{1D238D4D-E9FE-34B3-B453-D86F60C3EFC2}.MinSizeRel|Win32.Build.0 = MinSizeRel|Win32
		{1D238D4D-E9FE-34B3-B453-D86F60C3EFC2}.RelWithDebInfo|Win32.ActiveCfg = RelWithDebInfo|Win32
		{1D238D4D-E9FE-34B3-B453-D86F60C3EFC2}.RelWithDebInfo|Win32.Build.0 = RelWithDebInfo|Win32
	EndGlobalSection
	GlobalSection(NestedProjects) = preSolution
		{D9196DED-6833-3433-8A95-BAB1EC1AB981} = {FB77A981-0AE2-303F-9D7F-BE331109CB1C}
		{89C9C47F-3C45-3FE6-8819-856A9A46C2B5} = {FB77A981-0AE2-303F-9D7F-BE331109CB1C}
		{881B56CC-DE02-34D8-88C8-5A057900786E} = {FB77A981-0AE2-303F-9D7F-BE331109CB1C}
		{1D238D4D-E9FE-34B3-B453-D86F60C3EFC2} = {CD818D57-CB18-3C74-A2F6-1CE7ADD9DE24}
	EndGlobalSection
	GlobalSection(ExtensibilityGlobals) = postSolution
	EndGlobalSection
	GlobalSection(ExtensibilityAddIns) = postSolution
	EndGlobalSection
EndGlobal
