<?xml version="1.0" encoding="UTF-8"?>
<Project ToolsVersion="14.0" xmlns="http://schemas.microsoft.com/developer/msbuild/2003">
  <ItemGroup>
    <CustomBuild Include="D:\Proyectos\Taranis\build\CMakeFiles\e60b76ea1c378e808de4d6053e25889b\generate.stamp.rule">
      <Filter>CMake Rules</Filter>
    </CustomBuild>
  </ItemGroup>
  <ItemGroup>
    <Filter Include="CMake Rules">
      <UniqueIdentifier>{800333AF-D756-3B36-A119-9F8780C3614D}</UniqueIdentifier>
    </Filter>
  </ItemGroup>
</Project>
